
Microsoft Visual Studio Solution File, Format Version 12.00
# Visual Studio Version 17
VisualStudioVersion = 17.11.35222.181
MinimumVisualStudioVersion = 10.0.40219.1
Project("{888888A0-9F3D-457C-B088-3A5042F75D52}") = "HCI project", "HCI project.pyproj", "{1E32EFAC-7624-4719-A56D-2EEEB83364F7}"
EndProject
Global
	GlobalSection(SolutionConfigurationPlatforms) = preSolution
		Debug|Any CPU = Debug|Any CPU
		Release|Any CPU = Release|Any CPU
	EndGlobalSection
	GlobalSection(ProjectConfigurationPlatforms) = postSolution
		{1E32EFAC-7624-4719-A56D-2EEEB83364F7}.Debug|Any CPU.ActiveCfg = Debug|Any CPU
		{1E32EFAC-7624-4719-A56D-2EEEB83364F7}.Release|Any CPU.ActiveCfg = Release|Any CPU
	EndGlobalSection
	GlobalSection(SolutionProperties) = preSolution
		HideSolutionNode = FALSE
	EndGlobalSection
	GlobalSection(ExtensibilityGlobals) = postSolution
		SolutionGuid = {41EA5FCB-020D-4B65-A5CC-E59CE120BA01}
	EndGlobalSection
EndGlobal
